{
  "name": "worker",
  "version": "1.0.0",
  "lockfileVersion": 3,
  "requires": true,
  "packages": {
    "": {
      "name": "worker",
      "version": "1.0.0",
      "license": "ISC",
      "dependencies": {
        "@aws-sdk/client-s3": "^3.958.0",
        "@upstash/redis": "^1.36.1",
        "amqplib": "^2.0.1",
        "axios": "^1.14.0",
        "dotenv": "^17.2.3"
      },
      "devDependencies": {
        "@types/amqplib": "^0.10.8",
        "@types/node": "^25.0.3",
        "typescript": "^5.9.3"
      }
    },
    "node_modules/@aws-crypto/crc32": {
      "version": "5.2.0",
      "license": "Apache-2.0",
      "dependencies": {
        "@aws-crypto/util": "^5.2.0",
        "@aws-sdk/types": "^3.222.0",
        "tslib": "^2.6.2"
      },
      "engines": {
        "node": ">=16.0.0"
      }
    },
    "node_modules/@aws-crypto/crc32c": {
      "version": "5.2.0",
      "license": "Apache-2.0",
      "dependencies": {
        "@aws-crypto/util": "^5.2.0",
        "@aws-sdk/types": "^3.222.0",
        "tslib": "^2.6.2"
      }
    },
    "node_modules/@aws-crypto/sha1-browser": {
      "version": "5.2.0",
      "license": "Apache-2.0",
      "dependencies": {
        "@aws-crypto/supports-web-crypto": "^5.2.0",
        "@aws-crypto/util": "^5.2.0",
        "@aws-sdk/types": "^3.222.0",
        "@aws-sdk/util-locate-window": "^3.0.0",
        "@smithy/util-utf8": "^2.0.0",
        "tslib": "^2.6.2"
      }
    },
    "node_modules/@aws-crypto/sha1-browser/node_modules/@smithy/util-utf8": {
      "version": "2.3.0",
      "license": "Apache-2.0",
      "dependencies": {
        "@smithy/util-buffer-from": "^2.2.0",
        "tslib": "^2.6.2"
      },
      "engines": {
        "node": ">=14.0.0"
      }
    },
    "node_modules/@aws-crypto/sha1-browser/node_modules/@smithy/util-utf8/node_modules/@smithy/util-buffer-from": {
      "version": "2.2.0",
      "license": "Apache-2.0",
      "dependencies": {
        "@smithy/is-array-buffer": "^2.2.0",
        "tslib": "^2.6.2"
      },
      "engines": {
        "node": ">=14.0.0"
      }
    },
    "node_modules/@aws-crypto/sha1-browser/node_modules/@smithy/util-utf8/node_modules/@smithy/util-buffer-from/node_modules/@smithy/is-array-buffer": {
      "version": "2.2.0",
      "license": "Apache-2.0",
      "dependencies": {
        "tslib": "^2.6.2"
      },
      "engines": {
        "node": ">=14.0.0"
      }
    },
    "node_modules/@aws-crypto/sha256-browser": {
      "version": "5.2.0",
      "license": "Apache-2.0",
      "dependencies": {
        "@aws-crypto/sha256-js": "^5.2.0",
        "@aws-crypto/supports-web-crypto": "^5.2.0",
        "@aws-crypto/util": "^5.2.0",
        "@aws-sdk/types": "^3.222.0",
        "@aws-sdk/util-locate-window": "^3.0.0",
        "@smithy/util-utf8": "^2.0.0",
        "tslib": "^2.6.2"
      }
    },
    "node_modules/@aws-crypto/sha256-browser/node_modules/@smithy/util-utf8": {
      "version": "2.3.0",
      "license": "Apache-2.0",
      "dependencies": {
        "@smithy/util-buffer-from": "^2.2.0",
        "tslib": "^2.6.2"
      },
      "engines": {
        "node": ">=14.0.0"
      }
    },
    "node_modules/@aws-crypto/sha256-browser/node_modules/@smithy/util-utf8/node_modules/@smithy/util-buffer-from": {
      "version": "2.2.0",
      "license": "Apache-2.0",
      "dependencies": {
        "@smithy/is-array-buffer": "^2.2.0",
        "tslib": "^2.6.2"
      },
      "engines": {
        "node": ">=14.0.0"
      }
    },
    "node_modules/@aws-crypto/sha256-browser/node_modules/@smithy/util-utf8/node_modules/@smithy/util-buffer-from/node_modules/@smithy/is-array-buffer": {
      "version": "2.2.0",
      "license": "Apache-2.0",
      "dependencies": {
        "tslib": "^2.6.2"
      },
      "engines": {
        "node": ">=14.0.0"
      }
    },
    "node_modules/@aws-crypto/sha256-js": {
      "version": "5.2.0",
      "license": "Apache-2.0",
      "dependencies": {
        "@aws-crypto/util": "^5.2.0",
        "@aws-sdk/types": "^3.222.0",
        "tslib": "^2.6.2"
      },
      "engines": {
        "node": ">=16.0.0"
      }
    },
    "node_modules/@aws-crypto/supports-web-crypto": {
      "version": "5.2.0",
      "license": "Apache-2.0",
      "dependencies": {
        "tslib": "^2.6.2"
      }
    },
    "node_modules/@aws-crypto/util": {
      "version": "5.2.0",
      "license": "Apache-2.0",
      "dependencies": {
        "@aws-sdk/types": "^3.222.0",
        "@smithy/util-utf8": "^2.0.0",
        "tslib": "^2.6.2"
      }
    },
    "node_modules/@aws-crypto/util/node_modules/@smithy/util-utf8": {
      "version": "2.3.0",
      "license": "Apache-2.0",
      "dependencies": {
        "@smithy/util-buffer-from": "^2.2.0",
        "tslib": "^2.6.2"
      },
      "engines": {
        "node": ">=14.0.0"
      }
    },
    "node_modules/@aws-crypto/util/node_modules/@smithy/util-utf8/node_modules/@smithy/util-buffer-from": {
      "version": "2.2.0",
      "license": "Apache-2.0",
      "dependencies": {
        "@smithy/is-array-buffer": "^2.2.0",
        "tslib": "^2.6.2"
      },
      "engines": {
        "node": ">=14.0.0"
      }
    },
    "node_modules/@aws-crypto/util/node_modules/@smithy/util-utf8/node_modules/@smithy/util-buffer-from/node_modules/@smithy/is-array-buffer": {
      "version": "2.2.0",
      "license": "Apache-2.0",
      "dependencies": {
        "tslib": "^2.6.2"
      },
      "engines": {
        "node": ">=14.0.0"
      }
    },
    "node_modules/@aws-sdk/client-s3": {
      "version": "3.1020.0",
      "license": "Apache-2.0",
      "dependencies": {
        "@aws-crypto/sha1-browser": "5.2.0",
        "@aws-crypto/sha256-browser": "5.2.0",
        "@aws-crypto/sha256-js": "5.2.0",
        "@aws-sdk/core": "^3.973.26",
        "@aws-sdk/credential-provider-node": "^3.972.28",
        "@aws-sdk/middleware-bucket-endpoint": "^3.972.8",
        "@aws-sdk/middleware-expect-continue": "^3.972.8",
        "@aws-sdk/middleware-flexible-checksums": "^3.974.6",
        "@aws-sdk/middleware-host-header": "^3.972.8",
        "@aws-sdk/middleware-location-constraint": "^3.972.8",
        "@aws-sdk/middleware-logger": "^3.972.8",
        "@aws-sdk/middleware-recursion-detection": "^3.972.9",
        "@aws-sdk/middleware-sdk-s3": "^3.972.27",
        "@aws-sdk/middleware-ssec": "^3.972.8",
        "@aws-sdk/middleware-user-agent": "^3.972.27",
        "@aws-sdk/region-config-resolver": "^3.972.10",
        "@aws-sdk/signature-v4-multi-region": "^3.996.15",
        "@aws-sdk/types": "^3.973.6",
        "@aws-sdk/util-endpoints": "^3.996.5",
        "@aws-sdk/util-user-agent-browser": "^3.972.8",
        "@aws-sdk/util-user-agent-node": "^3.973.13",
        "@smithy/config-resolver": "^4.4.13",
        "@smithy/core": "^3.23.13",
        "@smithy/eventstream-serde-browser": "^4.2.12",
        "@smithy/eventstream-serde-config-resolver": "^4.3.12",
        "@smithy/eventstream-serde-node": "^4.2.12",
        "@smithy/fetch-http-handler": "^5.3.15",
        "@smithy/hash-blob-browser": "^4.2.13",
        "@smithy/hash-node": "^4.2.12",
        "@smithy/hash-stream-node": "^4.2.12",
        "@smithy/invalid-dependency": "^4.2.12",
        "@smithy/md5-js": "^4.2.12",
        "@smithy/middleware-content-length": "^4.2.12",
        "@smithy/middleware-endpoint": "^4.4.28",
        "@smithy/middleware-retry": "^4.4.45",
        "@smithy/middleware-serde": "^4.2.16",
        "@smithy/middleware-stack": "^4.2.12",
        "@smithy/node-config-provider": "^4.3.12",
        "@smithy/node-http-handler": "^4.5.1",
        "@smithy/protocol-http": "^5.3.12",
        "@smithy/smithy-client": "^4.12.8",
        "@smithy/types": "^4.13.1",
        "@smithy/url-parser": "^4.2.12",
        "@smithy/util-base64": "^4.3.2",
        "@smithy/util-body-length-browser": "^4.2.2",
        "@smithy/util-body-length-node": "^4.2.3",
        "@smithy/util-defaults-mode-browser": "^4.3.44",
        "@smithy/util-defaults-mode-node": "^4.2.48",
        "@smithy/util-endpoints": "^3.3.3",
        "@smithy/util-middleware": "^4.2.12",
        "@smithy/util-retry": "^4.2.12",
        "@smithy/util-stream": "^4.5.21",
        "@smithy/util-utf8": "^4.2.2",
        "@smithy/util-waiter": "^4.2.14",
        "tslib": "^2.6.2"
      },
      "engines": {
        "node": ">=20.0.0"
      }
    },
    "node_modules/@aws-sdk/core": {
      "version": "3.973.26",
      "license": "Apache-2.0",
      "dependencies": {
        "@aws-sdk/types": "^3.973.6",
        "@aws-sdk/xml-builder": "^3.972.16",
        "@smithy/core": "^3.23.13",
        "@smithy/node-config-provider": "^4.3.12",
        "@smithy/property-provider": "^4.2.12",
        "@smithy/protocol-http": "^5.3.12",
        "@smithy/signature-v4": "^5.3.12",
        "@smithy/smithy-client": "^4.12.8",
        "@smithy/types": "^4.13.1",
        "@smithy/util-base64": "^4.3.2",
        "@smithy/util-middleware": "^4.2.12",
        "@smithy/util-utf8": "^4.2.2",
        "tslib": "^2.6.2"
      },
      "engines": {
        "node": ">=20.0.0"
      }
    },
    "node_modules/@aws-sdk/crc64-nvme": {
      "version": "3.972.5",
      "license": "Apache-2.0",
      "dependencies": {
        "@smithy/types": "^4.13.1",
        "tslib": "^2.6.2"
      },
      "engines": {
        "node": ">=20.0.0"
      }
    },
    "node_modules/@aws-sdk/credential-provider-env": {
      "version": "3.972.24",
      "license": "Apache-2.0",
      "dependencies": {
        "@aws-sdk/core": "^3.973.26",
        "@aws-sdk/types": "^3.973.6",
        "@smithy/property-provider": "^4.2.12",
        "@smithy/types": "^4.13.1",
        "tslib": "^2.6.2"
      },
      "engines": {
        "node": ">=20.0.0"
      }
    },
    "node_modules/@aws-sdk/credential-provider-http": {
      "version": "3.972.26",
      "license": "Apache-2.0",
      "dependencies": {
        "@aws-sdk/core": "^3.973.26",
        "@aws-sdk/types": "^3.973.6",
        "@smithy/fetch-http-handler": "^5.3.15",
        "@smithy/node-http-handler": "^4.5.1",
        "@smithy/property-provider": "^4.2.12",
        "@smithy/protocol-http": "^5.3.12",
        "@smithy/smithy-client": "^4.12.8",
        "@smithy/types": "^4.13.1",
        "@smithy/util-stream": "^4.5.21",
        "tslib": "^2.6.2"
      },
      "engines": {
        "node": ">=20.0.0"
      }
    },
    "node_modules/@aws-sdk/credential-provider-ini": {
      "version": "3.972.27",
      "license": "Apache-2.0",
      "dependencies": {
        "@aws-sdk/core": "^3.973.26",
        "@aws-sdk/credential-provider-env": "^3.972.24",
        "@aws-sdk/credential-provider-http": "^3.972.26",
        "@aws-sdk/credential-provider-login": "^3.972.27",
        "@aws-sdk/credential-provider-process": "^3.972.24",
        "@aws-sdk/credential-provider-sso": "^3.972.27",
        "@aws-sdk/credential-provider-web-identity": "^3.972.27",
        "@aws-sdk/nested-clients": "^3.996.17",
        "@aws-sdk/types": "^3.973.6",
        "@smithy/credential-provider-imds": "^4.2.12",
        "@smithy/property-provider": "^4.2.12",
        "@smithy/shared-ini-file-loader": "^4.4.7",
        "@smithy/types": "^4.13.1",
        "tslib": "^2.6.2"
      },
      "engines": {
        "node": ">=20.0.0"
      }
    },
    "node_modules/@aws-sdk/credential-provider-login": {
      "version": "3.972.27",
      "license": "Apache-2.0",
      "dependencies": {
        "@aws-sdk/core": "^3.973.26",
        "@aws-sdk/nested-clients": "^3.996.17",
        "@aws-sdk/types": "^3.973.6",
        "@smithy/property-provider": "^4.2.12",
        "@smithy/protocol-http": "^5.3.12",
        "@smithy/shared-ini-file-loader": "^4.4.7",
        "@smithy/types": "^4.13.1",
        "tslib": "^2.6.2"
      },
      "engines": {
        "node": ">=20.0.0"
      }
    },
    "node_modules/@aws-sdk/credential-provider-node": {
      "version": "3.972.28",
      "license": "Apache-2.0",
      "dependencies": {
        "@aws-sdk/credential-provider-env": "^3.972.24",
        "@aws-sdk/credential-provider-http": "^3.972.26",
        "@aws-sdk/credential-provider-ini": "^3.972.27",
        "@aws-sdk/credential-provider-process": "^3.972.24",
        "@aws-sdk/credential-provider-sso": "^3.972.27",
        "@aws-sdk/credential-provider-web-identity": "^3.972.27",
        "@aws-sdk/types": "^3.973.6",
        "@smithy/credential-provider-imds": "^4.2.12",
        "@smithy/property-provider": "^4.2.12",
        "@smithy/shared-ini-file-loader": "^4.4.7",
        "@smithy/types": "^4.13.1",
        "tslib": "^2.6.2"
      },
      "engines": {
        "node": ">=20.0.0"
      }
    },
    "node_modules/@aws-sdk/credential-provider-process": {
      "version": "3.972.24",
      "license": "Apache-2.0",
      "dependencies": {
        "@aws-sdk/core": "^3.973.26",
        "@aws-sdk/types": "^3.973.6",
        "@smithy/property-provider": "^4.2.12",
        "@smithy/shared-ini-file-loader": "^4.4.7",
        "@smithy/types": "^4.13.1",
        "tslib": "^2.6.2"
      },
      "engines": {
        "node": ">=20.0.0"
      }
    },
    "node_modules/@aws-sdk/credential-provider-sso": {
      "version": "3.972.27",
      "license": "Apache-2.0",
      "dependencies": {
        "@aws-sdk/core": "^3.973.26",
        "@aws-sdk/nested-clients": "^3.996.17",
        "@aws-sdk/token-providers": "3.1020.0",
        "@aws-sdk/types": "^3.973.6",
        "@smithy/property-provider": "^4.2.12",
        "@smithy/shared-ini-file-loader": "^4.4.7",
        "@smithy/types": "^4.13.1",
        "tslib": "^2.6.2"
      },
      "engines": {
        "node": ">=20.0.0"
      }
    },
    "node_modules/@aws-sdk/credential-provider-web-identity": {
      "version": "3.972.27",
      "license": "Apache-2.0",
      "dependencies": {
        "@aws-sdk/core": "^3.973.26",
        "@aws-sdk/nested-clients": "^3.996.17",
        "@aws-sdk/types": "^3.973.6",
        "@smithy/property-provider": "^4.2.12",
        "@smithy/shared-ini-file-loader": "^4.4.7",
        "@smithy/types": "^4.13.1",
        "tslib": "^2.6.2"
      },
      "engines": {
        "node": ">=20.0.0"
      }
    },
    "node_modules/@aws-sdk/middleware-bucket-endpoint": {
      "version": "3.972.8",
      "license": "Apache-2.0",
      "dependencies": {
        "@aws-sdk/types": "^3.973.6",
        "@aws-sdk/util-arn-parser": "^3.972.3",
        "@smithy/node-config-provider": "^4.3.12",
        "@smithy/protocol-http": "^5.3.12",
        "@smithy/types": "^4.13.1",
        "@smithy/util-config-provider": "^4.2.2",
        "tslib": "^2.6.2"
      },
      "engines": {
        "node": ">=20.0.0"
      }
    },
    "node_modules/@aws-sdk/middleware-expect-continue": {
      "version": "3.972.8",
      "license": "Apache-2.0",
      "dependencies": {
        "@aws-sdk/types": "^3.973.6",
        "@smithy/protocol-http": "^5.3.12",
        "@smithy/types": "^4.13.1",
        "tslib": "^2.6.2"
      },
      "engines": {
        "node": ">=20.0.0"
      }
    },
    "node_modules/@aws-sdk/middleware-flexible-checksums": {
      "version": "3.974.6",
      "license": "Apache-2.0",
      "dependencies": {
        "@aws-crypto/crc32": "5.2.0",
        "@aws-crypto/crc32c": "5.2.0",
        "@aws-crypto/util": "5.2.0",
        "@aws-sdk/core": "^3.973.26",
        "@aws-sdk/crc64-nvme": "^3.972.5",
        "@aws-sdk/types": "^3.973.6",
        "@smithy/is-array-buffer": "^4.2.2",
        "@smithy/node-config-provider": "^4.3.12",
        "@smithy/protocol-http": "^5.3.12",
        "@smithy/types": "^4.13.1",
        "@smithy/util-middleware": "^4.2.12",
        "@smithy/util-stream": "^4.5.21",
        "@smithy/util-utf8": "^4.2.2",
        "tslib": "^2.6.2"
      },
      "engines": {
        "node": ">=20.0.0"
      }
    },
    "node_modules/@aws-sdk/middleware-host-header": {
      "version": "3.972.8",
      "license": "Apache-2.0",
      "dependencies": {
        "@aws-sdk/types": "^3.973.6",
        "@smithy/protocol-http": "^5.3.12",
        "@smithy/types": "^4.13.1",
        "tslib": "^2.6.2"
      },
      "engines": {
        "node": ">=20.0.0"
      }
    },
    "node_modules/@aws-sdk/middleware-location-constraint": {
      "version": "3.972.8",
      "license": "Apache-2.0",
      "dependencies": {
        "@aws-sdk/types": "^3.973.6",
        "@smithy/types": "^4.13.1",
        "tslib": "^2.6.2"
      },
      "engines": {
        "node": ">=20.0.0"
      }
    },
    "node_modules/@aws-sdk/middleware-logger": {
      "version": "3.972.8",
      "license": "Apache-2.0",
      "dependencies": {
        "@aws-sdk/types": "^3.973.6",
        "@smithy/types": "^4.13.1",
        "tslib": "^2.6.2"
      },
      "engines": {
        "node": ">=20.0.0"
      }
    },
    "node_modules/@aws-sdk/middleware-recursion-detection": {
      "version": "3.972.9",
      "license": "Apache-2.0",
      "dependencies": {
        "@aws-sdk/types": "^3.973.6",
        "@aws/lambda-invoke-store": "^0.2.2",
        "@smithy/protocol-http": "^5.3.12",
        "@smithy/types": "^4.13.1",
        "tslib": "^2.6.2"
      },
      "engines": {
        "node": ">=20.0.0"
      }
    },
    "node_modules/@aws-sdk/middleware-sdk-s3": {
      "version": "3.972.27",
      "license": "Apache-2.0",
      "dependencies": {
        "@aws-sdk/core": "^3.973.26",
        "@aws-sdk/types": "^3.973.6",
        "@aws-sdk/util-arn-parser": "^3.972.3",
        "@smithy/core": "^3.23.13",
        "@smithy/node-config-provider": "^4.3.12",
        "@smithy/protocol-http": "^5.3.12",
        "@smithy/signature-v4": "^5.3.12",
        "@smithy/smithy-client": "^4.12.8",
        "@smithy/types": "^4.13.1",
        "@smithy/util-config-provider": "^4.2.2",
        "@smithy/util-middleware": "^4.2.12",
        "@smithy/util-stream": "^4.5.21",
        "@smithy/util-utf8": "^4.2.2",
        "tslib": "^2.6.2"
      },
      "engines": {
        "node": ">=20.0.0"
      }
    },
    "node_modules/@aws-sdk/middleware-ssec": {
      "version": "3.972.8",
      "license": "Apache-2.0",
      "dependencies": {
        "@aws-sdk/types": "^3.973.6",
        "@smithy/types": "^4.13.1",
        "tslib": "^2.6.2"
      },
      "engines": {
        "node": ">=20.0.0"
      }
    },
    "node_modules/@aws-sdk/middleware-user-agent": {
      "version": "3.972.27",
      "license": "Apache-2.0",
      "dependencies": {
        "@aws-sdk/core": "^3.973.26",
        "@aws-sdk/types": "^3.973.6",
        "@aws-sdk/util-endpoints": "^3.996.5",
        "@smithy/core": "^3.23.13",
        "@smithy/protocol-http": "^5.3.12",
        "@smithy/types": "^4.13.1",
        "@smithy/util-retry": "^4.2.12",
        "tslib": "^2.6.2"
      },
      "engines": {
        "node": ">=20.0.0"
      }
    },
    "node_modules/@aws-sdk/nested-clients": {
      "version": "3.996.17",
      "license": "Apache-2.0",
      "dependencies": {
        "@aws-crypto/sha256-browser": "5.2.0",
        "@aws-crypto/sha256-js": "5.2.0",
        "@aws-sdk/core": "^3.973.26",
        "@aws-sdk/middleware-host-header": "^3.972.8",
        "@aws-sdk/middleware-logger": "^3.972.8",
        "@aws-sdk/middleware-recursion-detection": "^3.972.9",
        "@aws-sdk/middleware-user-agent": "^3.972.27",
        "@aws-sdk/region-config-resolver": "^3.972.10",
        "@aws-sdk/types": "^3.973.6",
        "@aws-sdk/util-endpoints": "^3.996.5",
        "@aws-sdk/util-user-agent-browser": "^3.972.8",
        "@aws-sdk/util-user-agent-node": "^3.973.13",
        "@smithy/config-resolver": "^4.4.13",
        "@smithy/core": "^3.23.13",
        "@smithy/fetch-http-handler": "^5.3.15",
        "@smithy/hash-node": "^4.2.12",
        "@smithy/invalid-dependency": "^4.2.12",
        "@smithy/middleware-content-length": "^4.2.12",
        "@smithy/middleware-endpoint": "^4.4.28",
        "@smithy/middleware-retry": "^4.4.45",
        "@smithy/middleware-serde": "^4.2.16",
        "@smithy/middleware-stack": "^4.2.12",
        "@smithy/node-config-provider": "^4.3.12",
        "@smithy/node-http-handler": "^4.5.1",
        "@smithy/protocol-http": "^5.3.12",
        "@smithy/smithy-client": "^4.12.8",
        "@smithy/types": "^4.13.1",
        "@smithy/url-parser": "^4.2.12",
        "@smithy/util-base64": "^4.3.2",
        "@smithy/util-body-length-browser": "^4.2.2",
        "@smithy/util-body-length-node": "^4.2.3",
        "@smithy/util-defaults-mode-browser": "^4.3.44",
        "@smithy/util-defaults-mode-node": "^4.2.48",
        "@smithy/util-endpoints": "^3.3.3",
        "@smithy/util-middleware": "^4.2.12",
        "@smithy/util-retry": "^4.2.12",
        "@smithy/util-utf8": "^4.2.2",
        "tslib": "^2.6.2"
      },
      "engines": {
        "node": ">=20.0.0"
      }
    },
    "node_modules/@aws-sdk/region-config-resolver": {
      "version": "3.972.10",
      "license": "Apache-2.0",
      "dependencies": {
        "@aws-sdk/types": "^3.973.6",
        "@smithy/config-resolver": "^4.4.13",
        "@smithy/node-config-provider": "^4.3.12",
        "@smithy/types": "^4.13.1",
        "tslib": "^2.6.2"
      },
      "engines": {
        "node": ">=20.0.0"
      }
    },
    "node_modules/@aws-sdk/signature-v4-multi-region": {
      "version": "3.996.15",
      "license": "Apache-2.0",
      "dependencies": {
        "@aws-sdk/middleware-sdk-s3": "^3.972.27",
        "@aws-sdk/types": "^3.973.6",
        "@smithy/protocol-http": "^5.3.12",
        "@smithy/signature-v4": "^5.3.12",
        "@smithy/types": "^4.13.1",
        "tslib": "^2.6.2"
      },
      "engines": {
        "node": ">=20.0.0"
      }
    },
    "node_modules/@aws-sdk/token-providers": {
      "version": "3.1020.0",
      "license": "Apache-2.0",
      "dependencies": {
        "@aws-sdk/core": "^3.973.26",
        "@aws-sdk/nested-clients": "^3.996.17",
        "@aws-sdk/types": "^3.973.6",
        "@smithy/property-provider": "^4.2.12",
        "@smithy/shared-ini-file-loader": "^4.4.7",
        "@smithy/types": "^4.13.1",
        "tslib": "^2.6.2"
      },
      "engines": {
        "node": ">=20.0.0"
      }
    },
    "node_modules/@aws-sdk/types": {
      "version": "3.973.6",
      "license": "Apache-2.0",
      "dependencies": {
        "@smithy/types": "^4.13.1",
        "tslib": "^2.6.2"
      },
      "engines": {
        "node": ">=20.0.0"
      }
    },
    "node_modules/@aws-sdk/util-arn-parser": {
      "version": "3.972.3",
      "license": "Apache-2.0",
      "dependencies": {
        "tslib": "^2.6.2"
      },
      "engines": {
        "node": ">=20.0.0"
      }
    },
    "node_modules/@aws-sdk/util-endpoints": {
      "version": "3.996.5",
      "license": "Apache-2.0",
      "dependencies": {
        "@aws-sdk/types": "^3.973.6",
        "@smithy/types": "^4.13.1",
        "@smithy/url-parser": "^4.2.12",
        "@smithy/util-endpoints": "^3.3.3",
        "tslib": "^2.6.2"
      },
      "engines": {
        "node": ">=20.0.0"
      }
    },
    "node_modules/@aws-sdk/util-locate-window": {
      "version": "3.965.5",
      "license": "Apache-2.0",
      "dependencies": {
        "tslib": "^2.6.2"
      },
      "engines": {
        "node": ">=20.0.0"
      }
    },
    "node_modules/@aws-sdk/util-user-agent-browser": {
      "version": "3.972.8",
      "license": "Apache-2.0",
      "dependencies": {
        "@aws-sdk/types": "^3.973.6",
        "@smithy/types": "^4.13.1",
        "bowser": "^2.11.0",
        "tslib": "^2.6.2"
      }
    },
    "node_modules/@aws-sdk/util-user-agent-node": {
      "version": "3.973.13",
      "license": "Apache-2.0",
      "dependencies": {
        "@aws-sdk/middleware-user-agent": "^3.972.27",
        "@aws-sdk/types": "^3.973.6",
        "@smithy/node-config-provider": "^4.3.12",
        "@smithy/types": "^4.13.1",
        "@smithy/util-config-provider": "^4.2.2",
        "tslib": "^2.6.2"
      },
      "engines": {
        "node": ">=20.0.0"
      },
      "peerDependencies": {
        "aws-crt": ">=1.0.0"
      },
      "peerDependenciesMeta": {
        "aws-crt": {
          "optional": true
        }
      }
    },
    "node_modules/@aws-sdk/xml-builder": {
      "version": "3.972.16",
      "license": "Apache-2.0",
      "dependencies": {
        "@smithy/types": "^4.13.1",
        "fast-xml-parser": "5.5.8",
        "tslib": "^2.6.2"
      },
      "engines": {
        "node": ">=20.0.0"
      }
    },
    "node_modules/@aws/lambda-invoke-store": {
      "version": "0.2.4",
      "license": "Apache-2.0",
      "engines": {
        "node": ">=18.0.0"
      }
    },
    "node_modules/@smithy/chunked-blob-reader": {
      "version": "5.2.2",
      "license": "Apache-2.0",
      "dependencies": {
        "tslib": "^2.6.2"
      },
      "engines": {
        "node": ">=18.0.0"
      }
    },
    "node_modules/@smithy/chunked-blob-reader-native": {
      "version": "4.2.3",
      "license": "Apache-2.0",
      "dependencies": {
        "@smithy/util-base64": "^4.3.2",
        "tslib": "^2.6.2"
      },
      "engines": {
        "node": ">=18.0.0"
      }
    },
    "node_modules/@smithy/config-resolver": {
      "version": "4.4.13",
      "license": "Apache-2.0",
      "dependencies": {
        "@smithy/node-config-provider": "^4.3.12",
        "@smithy/types": "^4.13.1",
        "@smithy/util-config-provider": "^4.2.2",
        "@smithy/util-endpoints": "^3.3.3",
        "@smithy/util-middleware": "^4.2.12",
        "tslib": "^2.6.2"
      },
      "engines": {
        "node": ">=18.0.0"
      }
    },
    "node_modules/@smithy/core": {
      "version": "3.23.13",
      "license": "Apache-2.0",
      "dependencies": {
        "@smithy/protocol-http": "^5.3.12",
        "@smithy/types": "^4.13.1",
        "@smithy/url-parser": "^4.2.12",
        "@smithy/util-base64": "^4.3.2",
        "@smithy/util-body-length-browser": "^4.2.2",
        "@smithy/util-middleware": "^4.2.12",
        "@smithy/util-stream": "^4.5.21",
        "@smithy/util-utf8": "^4.2.2",
        "@smithy/uuid": "^1.1.2",
        "tslib": "^2.6.2"
      },
      "engines": {
        "node": ">=18.0.0"
      }
    },
    "node_modules/@smithy/credential-provider-imds": {
      "version": "4.2.12",
      "license": "Apache-2.0",
      "dependencies": {
        "@smithy/node-config-provider": "^4.3.12",
        "@smithy/property-provider": "^4.2.12",
        "@smithy/types": "^4.13.1",
        "@smithy/url-parser": "^4.2.12",
        "tslib": "^2.6.2"
      },
      "engines": {
        "node": ">=18.0.0"
      }
    },
    "node_modules/@smithy/eventstream-codec": {
      "version": "4.2.12",
      "license": "Apache-2.0",
      "dependencies": {
        "@aws-crypto/crc32": "5.2.0",
        "@smithy/types": "^4.13.1",
        "@smithy/util-hex-encoding": "^4.2.2",
        "tslib": "^2.6.2"
      },
      "engines": {
        "node": ">=18.0.0"
      }
    },
    "node_modules/@smithy/eventstream-serde-browser": {
      "version": "4.2.12",
      "license": "Apache-2.0",
      "dependencies": {
        "@smithy/eventstream-serde-universal": "^4.2.12",
        "@smithy/types": "^4.13.1",
        "tslib": "^2.6.2"
      },
      "engines": {
        "node": ">=18.0.0"
      }
    },
    "node_modules/@smithy/eventstream-serde-config-resolver": {
      "version": "4.3.12",
      "license": "Apache-2.0",
      "dependencies": {
        "@smithy/types": "^4.13.1",
        "tslib": "^2.6.2"
      },
      "engines": {
        "node": ">=18.0.0"
      }
    },
    "node_modules/@smithy/eventstream-serde-node": {
      "version": "4.2.12",
      "license": "Apache-2.0",
      "dependencies": {
        "@smithy/eventstream-serde-universal": "^4.2.12",
        "@smithy/types": "^4.13.1",
        "tslib": "^2.6.2"
      },
      "engines": {
        "node": ">=18.0.0"
      }
    },
    "node_modules/@smithy/eventstream-serde-universal": {
      "version": "4.2.12",
      "license": "Apache-2.0",
      "dependencies": {
        "@smithy/eventstream-codec": "^4.2.12",
        "@smithy/types": "^4.13.1",
        "tslib": "^2.6.2"
      },
      "engines": {
        "node": ">=18.0.0"
      }
    },
    "node_modules/@smithy/fetch-http-handler": {
      "version": "5.3.15",
      "license": "Apache-2.0",
      "dependencies": {
        "@smithy/protocol-http": "^5.3.12",
        "@smithy/querystring-builder": "^4.2.12",
        "@smithy/types": "^4.13.1",
        "@smithy/util-base64": "^4.3.2",
        "tslib": "^2.6.2"
      },
      "engines": {
        "node": ">=18.0.0"
      }
    },
    "node_modules/@smithy/hash-blob-browser": {
      "version": "4.2.13",
      "license": "Apache-2.0",
      "dependencies": {
        "@smithy/chunked-blob-reader": "^5.2.2",
        "@smithy/chunked-blob-reader-native": "^4.2.3",
        "@smithy/types": "^4.13.1",
        "tslib": "^2.6.2"
      },
      "engines": {
        "node": ">=18.0.0"
      }
    },
    "node_modules/@smithy/hash-node": {
      "version": "4.2.12",
      "license": "Apache-2.0",
      "dependencies": {
        "@smithy/types": "^4.13.1",
        "@smithy/util-buffer-from": "^4.2.2",
        "@smithy/util-utf8": "^4.2.2",
        "tslib": "^2.6.2"
      },
      "engines": {
        "node": ">=18.0.0"
      }
    },
    "node_modules/@smithy/hash-stream-node": {
      "version": "4.2.12",
      "license": "Apache-2.0",
      "dependencies": {
        "@smithy/types": "^4.13.1",
        "@smithy/util-utf8": "^4.2.2",
        "tslib": "^2.6.2"
      },
      "engines": {
        "node": ">=18.0.0"
      }
    },
    "node_modules/@smithy/invalid-dependency": {
      "version": "4.2.12",
      "license": "Apache-2.0",
      "dependencies": {
        "@smithy/types": "^4.13.1",
        "tslib": "^2.6.2"
      },
      "engines": {
        "node": ">=18.0.0"
      }
    },
    "node_modules/@smithy/is-array-buffer": {
      "version": "4.2.2",
      "license": "Apache-2.0",
      "dependencies": {
        "tslib": "^2.6.2"
      },
      "engines": {
        "node": ">=18.0.0"
      }
    },
    "node_modules/@smithy/md5-js": {
      "version": "4.2.12",
      "license": "Apache-2.0",
      "dependencies": {
        "@smithy/types": "^4.13.1",
        "@smithy/util-utf8": "^4.2.2",
        "tslib": "^2.6.2"
      },
      "engines": {
        "node": ">=18.0.0"
      }
    },
    "node_modules/@smithy/middleware-content-length": {
      "version": "4.2.12",
      "license": "Apache-2.0",
      "dependencies": {
        "@smithy/protocol-http": "^5.3.12",
        "@smithy/types": "^4.13.1",
        "tslib": "^2.6.2"
      },
      "engines": {
        "node": ">=18.0.0"
      }
    },
    "node_modules/@smithy/middleware-endpoint": {
      "version": "4.4.28",
      "license": "Apache-2.0",
      "dependencies": {
        "@smithy/core": "^3.23.13",
        "@smithy/middleware-serde": "^4.2.16",
        "@smithy/node-config-provider": "^4.3.12",
        "@smithy/shared-ini-file-loader": "^4.4.7",
        "@smithy/types": "^4.13.1",
        "@smithy/url-parser": "^4.2.12",
        "@smithy/util-middleware": "^4.2.12",
        "tslib": "^2.6.2"
      },
      "engines": {
        "node": ">=18.0.0"
      }
    },
    "node_modules/@smithy/middleware-retry": {
      "version": "4.4.46",
      "license": "Apache-2.0",
      "dependencies": {
        "@smithy/node-config-provider": "^4.3.12",
        "@smithy/protocol-http": "^5.3.12",
        "@smithy/service-error-classification": "^4.2.12",
        "@smithy/smithy-client": "^4.12.8",
        "@smithy/types": "^4.13.1",
        "@smithy/util-middleware": "^4.2.12",
        "@smithy/util-retry": "^4.2.13",
        "@smithy/uuid": "^1.1.2",
        "tslib": "^2.6.2"
      },
      "engines": {
        "node": ">=18.0.0"
      }
    },
    "node_modules/@smithy/middleware-serde": {
      "version": "4.2.16",
      "license": "Apache-2.0",
      "dependencies": {
        "@smithy/core": "^3.23.13",
        "@smithy/protocol-http": "^5.3.12",
        "@smithy/types": "^4.13.1",
        "tslib": "^2.6.2"
      },
      "engines": {
        "node": ">=18.0.0"
      }
    },
    "node_modules/@smithy/middleware-stack": {
      "version": "4.2.12",
      "license": "Apache-2.0",
      "dependencies": {
        "@smithy/types": "^4.13.1",
        "tslib": "^2.6.2"
      },
      "engines": {
        "node": ">=18.0.0"
      }
    },
    "node_modules/@smithy/node-config-provider": {
      "version": "4.3.12",
      "license": "Apache-2.0",
      "dependencies": {
        "@smithy/property-provider": "^4.2.12",
        "@smithy/shared-ini-file-loader": "^4.4.7",
        "@smithy/types": "^4.13.1",
        "tslib": "^2.6.2"
      },
      "engines": {
        "node": ">=18.0.0"
      }
    },
    "node_modules/@smithy/node-http-handler": {
      "version": "4.5.1",
      "license": "Apache-2.0",
      "dependencies": {
        "@smithy/protocol-http": "^5.3.12",
        "@smithy/querystring-builder": "^4.2.12",
        "@smithy/types": "^4.13.1",
        "tslib": "^2.6.2"
      },
      "engines": {
        "node": ">=18.0.0"
      }
    },
    "node_modules/@smithy/property-provider": {
      "version": "4.2.12",
      "license": "Apache-2.0",
      "dependencies": {
        "@smithy/types": "^4.13.1",
        "tslib": "^2.6.2"
      },
      "engines": {
        "node": ">=18.0.0"
      }
    },
    "node_modules/@smithy/protocol-http": {
      "version": "5.3.12",
      "license": "Apache-2.0",
      "dependencies": {
        "@smithy/types": "^4.13.1",
        "tslib": "^2.6.2"
      },
      "engines": {
        "node": ">=18.0.0"
      }
    },
    "node_modules/@smithy/querystring-builder": {
      "version": "4.2.12",
      "license": "Apache-2.0",
      "dependencies": {
        "@smithy/types": "^4.13.1",
        "@smithy/util-uri-escape": "^4.2.2",
        "tslib": "^2.6.2"
      },
      "engines": {
        "node": ">=18.0.0"
      }
    },
    "node_modules/@smithy/querystring-parser": {
      "version": "4.2.12",
      "license": "Apache-2.0",
      "dependencies": {
        "@smithy/types": "^4.13.1",
        "tslib": "^2.6.2"
      },
      "engines": {
        "node": ">=18.0.0"
      }
    },
    "node_modules/@smithy/service-error-classification": {
      "version": "4.2.12",
      "license": "Apache-2.0",
      "dependencies": {
        "@smithy/types": "^4.13.1"
      },
      "engines": {
        "node": ">=18.0.0"
      }
    },
    "node_modules/@smithy/shared-ini-file-loader": {
      "version": "4.4.7",
      "license": "Apache-2.0",
      "dependencies": {
        "@smithy/types": "^4.13.1",
        "tslib": "^2.6.2"
      },
      "engines": {
        "node": ">=18.0.0"
      }
    },
    "node_modules/@smithy/signature-v4": {
      "version": "5.3.12",
      "license": "Apache-2.0",
      "dependencies": {
        "@smithy/is-array-buffer": "^4.2.2",
        "@smithy/protocol-http": "^5.3.12",
        "@smithy/types": "^4.13.1",
        "@smithy/util-hex-encoding": "^4.2.2",
        "@smithy/util-middleware": "^4.2.12",
        "@smithy/util-uri-escape": "^4.2.2",
        "@smithy/util-utf8": "^4.2.2",
        "tslib": "^2.6.2"
      },
      "engines": {
        "node": ">=18.0.0"
      }
    },
    "node_modules/@smithy/smithy-client": {
      "version": "4.12.8",
      "license": "Apache-2.0",
      "dependencies": {
        "@smithy/core": "^3.23.13",
        "@smithy/middleware-endpoint": "^4.4.28",
        "@smithy/middleware-stack": "^4.2.12",
        "@smithy/protocol-http": "^5.3.12",
        "@smithy/types": "^4.13.1",
        "@smithy/util-stream": "^4.5.21",
        "tslib": "^2.6.2"
      },
      "engines": {
        "node": ">=18.0.0"
      }
    },
    "node_modules/@smithy/types": {
      "version": "4.13.1",
      "license": "Apache-2.0",
      "dependencies": {
        "tslib": "^2.6.2"
      },
      "engines": {
        "node": ">=18.0.0"
      }
    },
    "node_modules/@smithy/url-parser": {
      "version": "4.2.12",
      "license": "Apache-2.0",
      "dependencies": {
        "@smithy/querystring-parser": "^4.2.12",
        "@smithy/types": "^4.13.1",
        "tslib": "^2.6.2"
      },
      "engines": {
        "node": ">=18.0.0"
      }
    },
    "node_modules/@smithy/util-base64": {
      "version": "4.3.2",
      "license": "Apache-2.0",
      "dependencies": {
        "@smithy/util-buffer-from": "^4.2.2",
        "@smithy/util-utf8": "^4.2.2",
        "tslib": "^2.6.2"
      },
      "engines": {
        "node": ">=18.0.0"
      }
    },
    "node_modules/@smithy/util-body-length-browser": {
      "version": "4.2.2",
      "license": "Apache-2.0",
      "dependencies": {
        "tslib": "^2.6.2"
      },
      "engines": {
        "node": ">=18.0.0"
      }
    },
    "node_modules/@smithy/util-body-length-node": {
      "version": "4.2.3",
      "license": "Apache-2.0",
      "dependencies": {
        "tslib": "^2.6.2"
      },
      "engines": {
        "node": ">=18.0.0"
      }
    },
    "node_modules/@smithy/util-buffer-from": {
      "version": "4.2.2",
      "license": "Apache-2.0",
      "dependencies": {
        "@smithy/is-array-buffer": "^4.2.2",
        "tslib": "^2.6.2"
      },
      "engines": {
        "node": ">=18.0.0"
      }
    },
    "node_modules/@smithy/util-config-provider": {
      "version": "4.2.2",
      "license": "Apache-2.0",
      "dependencies": {
        "tslib": "^2.6.2"
      },
      "engines": {
        "node": ">=18.0.0"
      }
    },
    "node_modules/@smithy/util-defaults-mode-browser": {
      "version": "4.3.44",
      "license": "Apache-2.0",
      "dependencies": {
        "@smithy/property-provider": "^4.2.12",
        "@smithy/smithy-client": "^4.12.8",
        "@smithy/types": "^4.13.1",
        "tslib": "^2.6.2"
      },
      "engines": {
        "node": ">=18.0.0"
      }
    },
    "node_modules/@smithy/util-defaults-mode-node": {
      "version": "4.2.48",
      "license": "Apache-2.0",
      "dependencies": {
        "@smithy/config-resolver": "^4.4.13",
        "@smithy/credential-provider-imds": "^4.2.12",
        "@smithy/node-config-provider": "^4.3.12",
        "@smithy/property-provider": "^4.2.12",
        "@smithy/smithy-client": "^4.12.8",
        "@smithy/types": "^4.13.1",
        "tslib": "^2.6.2"
      },
      "engines": {
        "node": ">=18.0.0"
      }
    },
    "node_modules/@smithy/util-endpoints": {
      "version": "3.3.3",
      "license": "Apache-2.0",
      "dependencies": {
        "@smithy/node-config-provider": "^4.3.12",
        "@smithy/types": "^4.13.1",
        "tslib": "^2.6.2"
      },
      "engines": {
        "node": ">=18.0.0"
      }
    },
    "node_modules/@smithy/util-hex-encoding": {
      "version": "4.2.2",
      "license": "Apache-2.0",
      "dependencies": {
        "tslib": "^2.6.2"
      },
      "engines": {
        "node": ">=18.0.0"
      }
    },
    "node_modules/@smithy/util-middleware": {
      "version": "4.2.12",
      "license": "Apache-2.0",
      "dependencies": {
        "@smithy/types": "^4.13.1",
        "tslib": "^2.6.2"
      },
      "engines": {
        "node": ">=18.0.0"
      }
    },
    "node_modules/@smithy/util-retry": {
      "version": "4.2.13",
      "license": "Apache-2.0",
      "dependencies": {
        "@smithy/service-error-classification": "^4.2.12",
        "@smithy/types": "^4.13.1",
        "tslib": "^2.6.2"
      },
      "engines": {
        "node": ">=18.0.0"
      }
    },
    "node_modules/@smithy/util-stream": {
      "version": "4.5.21",
      "license": "Apache-2.0",
      "dependencies": {
        "@smithy/fetch-http-handler": "^5.3.15",
        "@smithy/node-http-handler": "^4.5.1",
        "@smithy/types": "^4.13.1",
        "@smithy/util-base64": "^4.3.2",
        "@smithy/util-buffer-from": "^4.2.2",
        "@smithy/util-hex-encoding": "^4.2.2",
        "@smithy/util-utf8": "^4.2.2",
        "tslib": "^2.6.2"
      },
      "engines": {
        "node": ">=18.0.0"
      }
    },
    "node_modules/@smithy/util-uri-escape": {
      "version": "4.2.2",
      "license": "Apache-2.0",
      "dependencies": {
        "tslib": "^2.6.2"
      },
      "engines": {
        "node": ">=18.0.0"
      }
    },
    "node_modules/@smithy/util-utf8": {
      "version": "4.2.2",
      "license": "Apache-2.0",
      "dependencies": {
        "@smithy/util-buffer-from": "^4.2.2",
        "tslib": "^2.6.2"
      },
      "engines": {
        "node": ">=18.0.0"
      }
    },
    "node_modules/@smithy/util-waiter": {
      "version": "4.2.14",
      "license": "Apache-2.0",
      "dependencies": {
        "@smithy/types": "^4.13.1",
        "tslib": "^2.6.2"
      },
      "engines": {
        "node": ">=18.0.0"
      }
    },
    "node_modules/@smithy/uuid": {
      "version": "1.1.2",
      "license": "Apache-2.0",
      "dependencies": {
        "tslib": "^2.6.2"
      },
      "engines": {
        "node": ">=18.0.0"
      }
    },
    "node_modules/@types/amqplib": {
      "version": "0.10.8",
      "dev": true,
      "license": "MIT",
      "dependencies": {
        "@types/node": "*"
      }
    },
    "node_modules/@types/node": {
      "version": "25.5.0",
      "dev": true,
      "license": "MIT",
      "dependencies": {
        "undici-types": "~7.18.0"
      }
    },
    "node_modules/@upstash/redis": {
      "version": "1.38.3",
      "license": "MIT",
      "dependencies": {
        "uncrypto": "^0.1.3"
      }
    },
    "node_modules/agent-base": {
      "version": "6.0.2",
      "license": "MIT",
      "dependencies": {
        "debug": "4"
      },
      "engines": {
        "node": ">= 6.0.0"
      }
    },
    "node_modules/amqplib": {
      "version": "2.0.1",
      "license": "MIT",
      "engines": {
        "node": ">=18"
      }
    },
    "node_modules/asynckit": {
      "version": "0.4.0",
      "license": "MIT"
    },
    "node_modules/axios": {
      "version": "1.20.0",
      "license": "MIT",
      "dependencies": {
        "follow-redirects": "^1.16.0",
        "form-data": "^4.0.6",
        "https-proxy-agent": "^5.0.1",
        "proxy-from-env": "^2.1.0"
      }
    },
    "node_modules/bowser": {
      "version": "2.14.1",
      "license": "MIT"
    },
    "node_modules/call-bind-apply-helpers": {
      "version": "1.0.2",
      "license": "MIT",
      "dependencies": {
        "es-errors": "^1.3.0",
        "function-bind": "^1.1.2"
      },
      "engines": {
        "node": ">= 0.4"
      }
    },
    "node_modules/combined-stream": {
      "version": "1.0.8",
      "license": "MIT",
      "dependencies": {
        "delayed-stream": "~1.0.0"
      },
      "engines": {
        "node": ">= 0.8"
      }
    },
    "node_modules/debug": {
      "version": "4.4.3",
      "license": "MIT",
      "dependencies": {
        "ms": "^2.1.3"
      },
      "engines": {
        "node": ">=6.0"
      },
      "peerDependenciesMeta": {
        "supports-color": {
          "optional": true
        }
      }
    },
    "node_modules/delayed-stream": {
      "version": "1.0.0",
      "license": "MIT",
      "engines": {
        "node": ">=0.4.0"
      }
    },
    "node_modules/dotenv": {
      "version": "17.3.1",
      "license": "BSD-2-Clause",
      "engines": {
        "node": ">=12"
      },
      "funding": {
        "url": "https://dotenvx.com"
      }
    },
    "node_modules/dunder-proto": {
      "version": "1.0.1",
      "license": "MIT",
      "dependencies": {
        "call-bind-apply-helpers": "^1.0.1",
        "es-errors": "^1.3.0",
        "gopd": "^1.2.0"
      },
      "engines": {
        "node": ">= 0.4"
      }
    },
    "node_modules/es-define-property": {
      "version": "1.0.1",
      "license": "MIT",
      "engines": {
        "node": ">= 0.4"
      }
    },
    "node_modules/es-errors": {
      "version": "1.3.0",
      "license": "MIT",
      "engines": {
        "node": ">= 0.4"
      }
    },
    "node_modules/es-object-atoms": {
      "version": "1.1.2",
      "license": "MIT",
      "dependencies": {
        "es-errors": "^1.3.0"
      },
      "engines": {
        "node": ">= 0.4"
      }
    },
    "node_modules/es-set-tostringtag": {
      "version": "2.1.0",
      "license": "MIT",
      "dependencies": {
        "es-errors": "^1.3.0",
        "get-intrinsic": "^1.2.6",
        "has-tostringtag": "^1.0.2",
        "hasown": "^2.0.2"
      },
      "engines": {
        "node": ">= 0.4"
      }
    },
    "node_modules/fast-xml-builder": {
      "version": "1.1.4",
      "funding": [
        {
          "type": "github",
          "url": "https://github.com/sponsors/NaturalIntelligence"
        }
      ],
      "license": "MIT",
      "dependencies": {
        "path-expression-matcher": "^1.1.3"
      }
    },
    "node_modules/fast-xml-parser": {
      "version": "5.5.8",
      "funding": [
        {
          "type": "github",
          "url": "https://github.com/sponsors/NaturalIntelligence"
        }
      ],
      "license": "MIT",
      "dependencies": {
        "fast-xml-builder": "^1.1.4",
        "path-expression-matcher": "^1.2.0",
        "strnum": "^2.2.0"
      },
      "bin": {
        "fxparser": "src/cli/cli.js"
      }
    },
    "node_modules/follow-redirects": {
      "version": "1.16.0",
      "funding": [
        {
          "type": "individual",
          "url": "https://github.com/sponsors/RubenVerborgh"
        }
      ],
      "license": "MIT",
      "engines": {
        "node": ">=4.0"
      },
      "peerDependenciesMeta": {
        "debug": {
          "optional": true
        }
      }
    },
    "node_modules/form-data": {
      "version": "4.0.6",
      "license": "MIT",
      "dependencies": {
        "asynckit": "^0.4.0",
        "combined-stream": "^1.0.8",
        "es-set-tostringtag": "^2.1.0",
        "hasown": "^2.0.4",
        "mime-types": "^2.1.35"
      },
      "engines": {
        "node": ">= 6"
      }
    },
    "node_modules/function-bind": {
      "version": "1.1.2",
      "license": "MIT",
      "funding": {
        "url": "https://github.com/sponsors/ljharb"
      }
    },
    "node_modules/get-intrinsic": {
      "version": "1.3.0",
      "license": "MIT",
      "dependencies": {
        "call-bind-apply-helpers": "^1.0.2",
        "es-define-property": "^1.0.1",
        "es-errors": "^1.3.0",
        "es-object-atoms": "^1.1.1",
        "function-bind": "^1.1.2",
        "get-proto": "^1.0.1",
        "gopd": "^1.2.0",
        "has-symbols": "^1.1.0",
        "hasown": "^2.0.2",
        "math-intrinsics": "^1.1.0"
      },
      "engines": {
        "node": ">= 0.4"
      },
      "funding": {
        "url": "https://github.com/sponsors/ljharb"
      }
    },
    "node_modules/get-proto": {
      "version": "1.0.1",
      "license": "MIT",
      "dependencies": {
        "dunder-proto": "^1.0.1",
        "es-object-atoms": "^1.0.0"
      },
      "engines": {
        "node": ">= 0.4"
      }
    },
    "node_modules/gopd": {
      "version": "1.2.0",
      "license": "MIT",
      "engines": {
        "node": ">= 0.4"
      },
      "funding": {
        "url": "https://github.com/sponsors/ljharb"
      }
    },
    "node_modules/has-symbols": {
      "version": "1.1.0",
      "license": "MIT",
      "engines": {
        "node": ">= 0.4"
      },
      "funding": {
        "url": "https://github.com/sponsors/ljharb"
      }
    },
    "node_modules/has-tostringtag": {
      "version": "1.0.2",
      "license": "MIT",
      "dependencies": {
        "has-symbols": "^1.0.3"
      },
      "engines": {
        "node": ">= 0.4"
      },
      "funding": {
        "url": "https://github.com/sponsors/ljharb"
      }
    },
    "node_modules/hasown": {
      "version": "2.0.4",
      "license": "MIT",
      "dependencies": {
        "function-bind": "^1.1.2"
      },
      "engines": {
        "node": ">= 0.4"
      }
    },
    "node_modules/https-proxy-agent": {
      "version": "5.0.1",
      "license": "MIT",
      "dependencies": {
        "agent-base": "6",
        "debug": "4"
      },
      "engines": {
        "node": ">= 6"
      }
    },
    "node_modules/math-intrinsics": {
      "version": "1.1.0",
      "license": "MIT",
      "engines": {
        "node": ">= 0.4"
      }
    },
    "node_modules/mime-db": {
      "version": "1.52.0",
      "license": "MIT",
      "engines": {
        "node": ">= 0.6"
      }
    },
    "node_modules/mime-types": {
      "version": "2.1.35",
      "license": "MIT",
      "dependencies": {
        "mime-db": "1.52.0"
      },
      "engines": {
        "node": ">= 0.6"
      }
    },
    "node_modules/ms": {
      "version": "2.1.3",
      "license": "MIT"
    },
    "node_modules/path-expression-matcher": {
      "version": "1.2.0",
      "funding": [
        {
          "type": "github",
          "url": "https://github.com/sponsors/NaturalIntelligence"
        }
      ],
      "license": "MIT",
      "engines": {
        "node": ">=14.0.0"
      }
    },
    "node_modules/proxy-from-env": {
      "version": "2.1.0",
      "license": "MIT",
      "engines": {
        "node": ">=10"
      }
    },
    "node_modules/strnum": {
      "version": "2.2.2",
      "funding": [
        {
          "type": "github",
          "url": "https://github.com/sponsors/NaturalIntelligence"
        }
      ],
      "license": "MIT"
    },
    "node_modules/tslib": {
      "version": "2.8.1",
      "license": "0BSD"
    },
    "node_modules/typescript": {
      "version": "5.9.3",
      "dev": true,
      "license": "Apache-2.0",
      "bin": {
        "tsc": "bin/tsc",
        "tsserver": "bin/tsserver"
      },
      "engines": {
        "node": ">=14.17"
      }
    },
    "node_modules/uncrypto": {
      "version": "0.1.3",
      "license": "MIT"
    },
    "node_modules/undici-types": {
      "version": "7.18.2",
      "dev": true,
      "license": "MIT"
    }
  }
}
